{
    "name": "ueberauth_azure_ad",
    "requires": true,
    "lockfileVersion": 1,
    "dependencies": {
        "rsa-pem-from-mod-exp": {
            "version": "0.8.4",
            "resolved": "https://registry.npmjs.org/rsa-pem-from-mod-exp/-/rsa-pem-from-mod-exp-0.8.4.tgz",
            "integrity": "sha1-NipCxtMEBW1JOz8SvOq7LGV2ptQ="
        }
    }
}
