# THIS IS AN AUTOGENERATED FILE. DO NOT EDIT THIS FILE DIRECTLY.
# yarn lockfile v1


rsa-pem-from-mod-exp@^0.8.4:
  version "0.8.4"
  resolved "https://registry.yarnpkg.com/rsa-pem-from-mod-exp/-/rsa-pem-from-mod-exp-0.8.4.tgz#362a42c6d304056d493b3f12bceabb2c6576a6d4"
  integrity sha1-NipCxtMEBW1JOz8SvOq7LGV2ptQ=
